// !$*UTF8*$!
{
	archiveVersion = 1;
	classes = {
	};
	objectVersion = 50;
	objects = {

/* Begin PBXBuildFile section */
		F41335922186956700AE2BA0 /* AppDelegate.swift in Sources */ = {isa = PBXBuildFile; fileRef = F41335912186956700AE2BA0 /* AppDelegate.swift */; };
		F41335942186956700AE2BA0 /* Scene.sks in Resources */ = {isa = PBXBuildFile; fileRef = F41335932186956700AE2BA0 /* Scene.sks */; };
		F41335962186956700AE2BA0 /* Scene.swift in Sources */ = {isa = PBXBuildFile; fileRef = F41335952186956700AE2BA0 /* Scene.swift */; };
		F41335982186956700AE2BA0 /* ViewController.swift in Sources */ = {isa = PBXBuildFile; fileRef = F41335972186956700AE2BA0 /* ViewController.swift */; };
		F413359B2186956700AE2BA0 /* Main.storyboard in Resources */ = {isa = PBXBuildFile; fileRef = F41335992186956700AE2BA0 /* Main.storyboard */; };
		F413359D2186956A00AE2BA0 /* Assets.xcassets in Resources */ = {isa = PBXBuildFile; fileRef = F413359C2186956A00AE2BA0 /* Assets.xcassets */; };
		F41335A02186956A00AE2BA0 /* LaunchScreen.storyboard in Resources */ = {isa = PBXBuildFile; fileRef = F413359E2186956A00AE2BA0 /* LaunchScreen.storyboard */; };
/* End PBXBuildFile section */

/* Begin PBXFileReference section */
		F413358E2186956700AE2BA0 /* PokemonAR.app */ = {isa = PBXFileReference; explicitFileType = wrapper.application; includeInIndex = 0; path = PokemonAR.app; sourceTree = BUILT_PRODUCTS_DIR; };
		F41335912186956700AE2BA0 /* AppDelegate.swift */ = {isa = PBXFileReference; lastKnownFileType = sourcecode.swift; path = AppDelegate.swift; sourceTree = "<group>"; };
		F41335932186956700AE2BA0 /* Scene.sks */ = {isa = PBXFileReference; lastKnownFileType = file.sks; path = Scene.sks; sourceTree = "<group>"; };
		F41335952186956700AE2BA0 /* Scene.swift */ = {isa = PBXFileReference; lastKnownFileType = sourcecode.swift; path = Scene.swift; sourceTree = "<group>"; };
		F41335972186956700AE2BA0 /* ViewController.swift */ = {isa = PBXFileReference; lastKnownFileType = sourcecode.swift; path = ViewController.swift; sourceTree = "<group>"; };
		F413359A2186956700AE2BA0 /* Base */ = {isa = PBXFileReference; lastKnownFileType = file.storyboard; name = Base; path = Base.lproj/Main.storyboard; sourceTree = "<group>"; };
		F413359C2186956A00AE2BA0 /* Assets.xcassets */ = {isa = PBXFileReference; lastKnownFileType = folder.assetcatalog; path = Assets.xcassets; sourceTree = "<group>"; };
		F413359F2186956A00AE2BA0 /* Base */ = {isa = PBXFileReference; lastKnownFileType = file.storyboard; name = Base; path = Base.lproj/LaunchScreen.storyboard; sourceTree = "<group>"; };
		F41335A12186956A00AE2BA0 /* Info.plist */ = {isa = PBXFileReference; lastKnownFileType = text.plist.xml; path = Info.plist; sourceTree = "<group>"; };
/* End PBXFileReference section */

/* Begin PBXFrameworksBuildPhase section */
		F413358B2186956700AE2BA0 /* Frameworks */ = {
			isa = PBXFrameworksBuildPhase;
			buildActionMask = 2147483647;
			files = (
			);
			runOnlyForDeploymentPostprocessing = 0;
		};
/* End PBXFrameworksBuildPhase section */

/* Begin PBXGroup section */
		F41335852186956600AE2BA0 = {
			isa = PBXGroup;
			children = (
				F41335902186956700AE2BA0 /* PokemonAR */,
				F413358F2186956700AE2BA0 /* Products */,
			);
			sourceTree = "<group>";
		};
		F413358F2186956700AE2BA0 /* Products */ = {
			isa = PBXGroup;
			children = (
				F413358E2186956700AE2BA0 /* PokemonAR.app */,
			);
			name = Products;
			sourceTree = "<group>";
		};
		F41335902186956700AE2BA0 /* PokemonAR */ = {
			isa = PBXGroup;
			children = (
				F41335912186956700AE2BA0 /* AppDelegate.swift */,
				F41335932186956700AE2BA0 /* Scene.sks */,
				F41335952186956700AE2BA0 /* Scene.swift */,
				F41335972186956700AE2BA0 /* ViewController.swift */,
				F41335992186956700AE2BA0 /* Main.storyboard */,
				F413359C2186956A00AE2BA0 /* Assets.xcassets */,
				F413359E2186956A00AE2BA0 /* LaunchScreen.storyboard */,
				F41335A12186956A00AE2BA0 /* Info.plist */,
			);
			path = PokemonAR;
			sourceTree = "<group>";
		};
/* End PBXGroup section */

/* Begin PBXNativeTarget section */
		F413358D2186956700AE2BA0 /* PokemonAR */ = {
			isa = PBXNativeTarget;
			buildConfigurationList = F41335A42186956A00AE2BA0 /* Build configuration list for PBXNativeTarget "PokemonAR" */;
			buildPhases = (
				F413358A2186956700AE2BA0 /* Sources */,
				F413358B2186956700AE2BA0 /* Frameworks */,
				F413358C2186956700AE2BA0 /* Resources */,
			);
			buildRules = (
			);
			dependencies = (
			);
			name = PokemonAR;
			productName = PokemonAR;
			productReference = F413358E2186956700AE2BA0 /* PokemonAR.app */;
			productType = "com.apple.product-type.application";
		};
/* End PBXNativeTarget section */

/* Begin PBXProject section */
		F41335862186956600AE2BA0 /* Project object */ = {
			isa = PBXProject;
			attributes = {
				LastSwiftUpdateCheck = 0940;
				LastUpgradeCheck = 0940;
				ORGANIZATIONNAME = "Oscar Odon";
				TargetAttributes = {
					F413358D2186956700AE2BA0 = {
						CreatedOnToolsVersion = 9.4.1;
					};
				};
			};
			buildConfigurationList = F41335892186956600AE2BA0 /* Build configuration list for PBXProject "PokemonAR" */;
			compatibilityVersion = "Xcode 9.3";
			developmentRegion = en;
			hasScannedForEncodings = 0;
			knownRegions = (
				en,
				Base,
			);
			mainGroup = F41335852186956600AE2BA0;
			productRefGroup = F413358F2186956700AE2BA0 /* Products */;
			projectDirPath = "";
			projectRoot = "";
			targets = (
				F413358D2186956700AE2BA0 /* PokemonAR */,
			);
		};
/* End PBXProject section */

/* Begin PBXResourcesBuildPhase section */
		F413358C2186956700AE2BA0 /* Resources */ = {
			isa = PBXResourcesBuildPhase;
			buildActionMask = 2147483647;
			files = (
				F41335942186956700AE2BA0 /* Scene.sks in Resources */,
				F41335A02186956A00AE2BA0 /* LaunchScreen.storyboard in Resources */,
				F413359D2186956A00AE2BA0 /* Assets.xcassets in Resources */,
				F413359B2186956700AE2BA0 /* Main.storyboard in Resources */,
			);
			runOnlyForDeploymentPostprocessing = 0;
		};
/* End PBXResourcesBuildPhase section */

/* Begin PBXSourcesBuildPhase section */
		F413358A2186956700AE2BA0 /* Sources */ = {
			isa = PBXSourcesBuildPhase;
			buildActionMask = 2147483647;
			files = (
				F41335982186956700AE2BA0 /* ViewController.swift in Sources */,
				F41335962186956700AE2BA0 /* Scene.swift in Sources */,
				F41335922186956700AE2BA0 /* AppDelegate.swift in Sources */,
			);
			runOnlyForDeploymentPostprocessing = 0;
		};
/* End PBXSourcesBuildPhase section */

/* Begin PBXVariantGroup section */
		F41335992186956700AE2BA0 /* Main.storyboard */ = {
			isa = PBXVariantGroup;
			children = (
				F413359A2186956700AE2BA0 /* Base */,
			);
			name = Main.storyboard;
			sourceTree = "<group>";
		};
		F413359E2186956A00AE2BA0 /* LaunchScreen.storyboard */ = {
			isa = PBXVariantGroup;
			children = (
				F413359F2186956A00AE2BA0 /* Base */,
			);
			name = LaunchScreen.storyboard;
			sourceTree = "<group>";
		};
/* End PBXVariantGroup section */

/* Begin XCBuildConfiguration section */
		F41335A22186956A00AE2BA0 /* Debug */ = {
			isa = XCBuildConfiguration;
			buildSettings = {
				ALWAYS_SEARCH_USER_PATHS = NO;
				CLANG_ANALYZER_NONNULL = YES;
				CLANG_ANALYZER_NUMBER_OBJECT_CONVERSION = YES_AGGRESSIVE;
				CLANG_CXX_LANGUAGE_STANDARD = "gnu++14";
				CLANG_CXX_LIBRARY = "libc++";
				CLANG_ENABLE_MODULES = YES;
				CLANG_ENABLE_OBJC_ARC = YES;
				CLANG_ENABLE_OBJC_WEAK = YES;
				CLANG_WARN_BLOCK_CAPTURE_AUTORELEASING = YES;
				CLANG_WARN_BOOL_CONVERSION = YES;
				CLANG_WARN_COMMA = YES;
				CLANG_WARN_CONSTANT_CONVERSION = YES;
				CLANG_WARN_DEPRECATED_OBJC_IMPLEMENTATIONS = YES;
				CLANG_WARN_DIRECT_OBJC_ISA_USAGE = YES_ERROR;
				CLANG_WARN_DOCUMENTATION_COMMENTS = YES;
				CLANG_WARN_EMPTY_BODY = YES;
				CLANG_WARN_ENUM_CONVERSION = YES;
				CLANG_WARN_INFINITE_RECURSION = YES;
				CLANG_WARN_INT_CONVERSION = YES;
				CLANG_WARN_NON_LITERAL_NULL_CONVERSION = YES;
				CLANG_WARN_OBJC_IMPLICIT_RETAIN_SELF = YES;
				CLANG_WARN_OBJC_LITERAL_CONVERSION = YES;
				CLANG_WARN_OBJC_ROOT_CLASS = YES_ERROR;
				CLANG_WARN_RANGE_LOOP_ANALYSIS = YES;
				CLANG_WARN_STRICT_PROTOTYPES = YES;
				CLANG_WARN_SUSPICIOUS_MOVE = YES;
				CLANG_WARN_UNGUARDED_AVAILABILITY = YES_AGGRESSIVE;
				CLANG_WARN_UNREACHABLE_CODE = YES;
				CLANG_WARN__DUPLICATE_METHOD_MATCH = YES;
				CODE_SIGN_IDENTITY = "iPhone Developer";
				COPY_PHASE_STRIP = NO;
				DEBUG_INFORMATION_FORMAT = dwarf;
				ENABLE_STRICT_OBJC_MSGSEND = YES;
				ENABLE_TESTABILITY = YES;
				GCC_C_LANGUAGE_STANDARD = gnu11;
				GCC_DYNAMIC_NO_PIC = NO;
				GCC_NO_COMMON_BLOCKS = YES;
				GCC_OPTIMIZATION_LEVEL = 0;
				GCC_PREPROCESSOR_DEFINITIONS = (
					"DEBUG=1",
					"$(inherited)",
				);
				GCC_WARN_64_TO_32_BIT_CONVERSION = YES;
				GCC_WARN_ABOUT_RETURN_TYPE = YES_ERROR;
				GCC_WARN_UNDECLARED_SELECTOR = YES;
				GCC_WARN_UNINITIALIZED_AUTOS = YES_AGGRESSIVE;
				GCC_WARN_UNUSED_FUNCTION = YES;
				GCC_WARN_UNUSED_VARIABLE = YES;
				IPHONEOS_DEPLOYMENT_TARGET = 11.4;
				MTL_ENABLE_DEBUG_INFO = YES;
				ONLY_ACTIVE_ARCH = YES;
				SDKROOT = iphoneos;
				SWIFT_ACTIVE_COMPILATION_CONDITIONS = DEBUG;
				SWIFT_OPTIMIZATION_LEVEL = "-Onone";
			};
			name = Debug;
		};
		F41335A32186956A00AE2BA0 /* Release */ = {
			isa = XCBuildConfiguration;
			buildSettings = {
				ALWAYS_SEARCH_USER_PATHS = NO;
				CLANG_ANALYZER_NONNULL = YES;
				CLANG_ANALYZER_NUMBER_OBJECT_CONVERSION = YES_AGGRESSIVE;
				CLANG_CXX_LANGUAGE_STANDARD = "gnu++14";
				CLANG_CXX_LIBRARY = "libc++";
				CLANG_ENABLE_MODULES = YES;
				CLANG_ENABLE_OBJC_ARC = YES;
				CLANG_ENABLE_OBJC_WEAK = YES;
				CLANG_WARN_BLOCK_CAPTURE_AUTORELEASING = YES;
				CLANG_WARN_BOOL_CONVERSION = YES;
				CLANG_WARN_COMMA = YES;
				CLANG_WARN_CONSTANT_CONVERSION = YES;
				CLANG_WARN_DEPRECATED_OBJC_IMPLEMENTATIONS = YES;
				CLANG_WARN_DIRECT_OBJC_ISA_USAGE = YES_ERROR;
				CLANG_WARN_DOCUMENTATION_COMMENTS = YES;
				CLANG_WARN_EMPTY_BODY = YES;
				CLANG_WARN_ENUM_CONVERSION = YES;
				CLANG_WARN_INFINITE_RECURSION = YES;
				CLANG_WARN_INT_CONVERSION = YES;
				CLANG_WARN_NON_LITERAL_NULL_CONVERSION = YES;
				CLANG_WARN_OBJC_IMPLICIT_RETAIN_SELF = YES;
				CLANG_WARN_OBJC_LITERAL_CONVERSION = YES;
				CLANG_WARN_OBJC_ROOT_CLASS = YES_ERROR;
				CLANG_WARN_RANGE_LOOP_ANALYSIS = YES;
				CLANG_WARN_STRICT_PROTOTYPES = YES;
				CLANG_WARN_SUSPICIOUS_MOVE = YES;
				CLANG_WARN_UNGUARDED_AVAILABILITY = YES_AGGRESSIVE;
				CLANG_WARN_UNREACHABLE_CODE = YES;
				CLANG_WARN__DUPLICATE_METHOD_MATCH = YES;
				CODE_SIGN_IDENTITY = "iPhone Developer";
				COPY_PHASE_STRIP = NO;
				DEBUG_INFORMATION_FORMAT = "dwarf-with-dsym";
				ENABLE_NS_ASSERTIONS = NO;
				ENABLE_STRICT_OBJC_MSGSEND = YES;
				GCC_C_LANGUAGE_STANDARD = gnu11;
				GCC_NO_COMMON_BLOCKS = YES;
				GCC_WARN_64_TO_32_BIT_CONVERSION = YES;
				GCC_WARN_ABOUT_RETURN_TYPE = YES_ERROR;
				GCC_WARN_UNDECLARED_SELECTOR = YES;
				GCC_WARN_UNINITIALIZED_AUTOS = YES_AGGRESSIVE;
				GCC_WARN_UNUSED_FUNCTION = YES;
				GCC_WARN_UNUSED_VARIABLE = YES;
				IPHONEOS_DEPLOYMENT_TARGET = 11.4;
				MTL_ENABLE_DEBUG_INFO = NO;
				SDKROOT = iphoneos;
				SWIFT_COMPILATION_MODE = wholemodule;
				SWIFT_OPTIMIZATION_LEVEL = "-O";
				VALIDATE_PRODUCT = YES;
			};
			name = Release;
		};
		F41335A52186956A00AE2BA0 /* Debug */ = {
			isa = XCBuildConfiguration;
			buildSettings = {
				ASSETCATALOG_COMPILER_APPICON_NAME = AppIcon;
				CODE_SIGN_STYLE = Automatic;
				DEVELOPMENT_TEAM = 9P94BC28FM;
				INFOPLIST_FILE = PokemonAR/Info.plist;
				LD_RUNPATH_SEARCH_PATHS = (
					"$(inherited)",
					"@executable_path/Frameworks",
				);
				PRODUCT_BUNDLE_IDENTIFIER = com.oscarodon.PokemonAR;
				PRODUCT_NAME = "$(TARGET_NAME)";
				SWIFT_VERSION = 4.0;
				TARGETED_DEVICE_FAMILY = "1,2";
			};
			name = Debug;
		};
		F41335A62186956A00AE2BA0 /* Release */ = {
			isa = XCBuildConfiguration;
			buildSettings = {
				ASSETCATALOG_COMPILER_APPICON_NAME = AppIcon;
				CODE_SIGN_STYLE = Automatic;
				DEVELOPMENT_TEAM = 9P94BC28FM;
				INFOPLIST_FILE = PokemonAR/Info.plist;
				LD_RUNPATH_SEARCH_PATHS = (
					"$(inherited)",
					"@executable_path/Frameworks",
				);
				PRODUCT_BUNDLE_IDENTIFIER = com.oscarodon.PokemonAR;
				PRODUCT_NAME = "$(TARGET_NAME)";
				SWIFT_VERSION = 4.0;
				TARGETED_DEVICE_FAMILY = "1,2";
			};
			name = Release;
		};
/* End XCBuildConfiguration section */

/* Begin XCConfigurationList section */
		F41335892186956600AE2BA0 /* Build configuration list for PBXProject "PokemonAR" */ = {
			isa = XCConfigurationList;
			buildConfigurations = (
				F41335A22186956A00AE2BA0 /* Debug */,
				F41335A32186956A00AE2BA0 /* Release */,
			);
			defaultConfigurationIsVisible = 0;
			defaultConfigurationName = Release;
		};
		F41335A42186956A00AE2BA0 /* Build configuration list for PBXNativeTarget "PokemonAR" */ = {
			isa = XCConfigurationList;
			buildConfigurations = (
				F41335A52186956A00AE2BA0 /* Debug */,
				F41335A62186956A00AE2BA0 /* Release */,
			);
			defaultConfigurationIsVisible = 0;
			defaultConfigurationName = Release;
		};
/* End XCConfigurationList section */
	};
	rootObject = F41335862186956600AE2BA0 /* Project object */;
}
